
Microsoft Visual Studio Solution File, Format Version 12.00
# Visual Studio Version 17
VisualStudioVersion = 17.0.31903.59
MinimumVisualStudioVersion = 10.0.40219.1
Project("{2150E333-8FDC-42A3-9474-1A3956D46DE8}") = "src", "src", "{8BC9CEB8-8B4A-11D0-8D11-00A0C91BC942}"
EndProject
Project("{2150E333-8FDC-42A3-9474-1A3956D46DE8}") = "samples", "samples", "{A2FE74E1-B743-11D0-AE1A-00A0C90FFFC3}"
EndProject
Project("{9A19103F-16F7-4668-BE54-9A1E7A4F7556}") = "CxLanguage.Core", "src\CxLanguage.Core\CxLanguage.Core.csproj", "{F9168C5E-CEB2-4FAA-B6BF-329BF39FA1E4}"
EndProject
Project("{9A19103F-16F7-4668-BE54-9A1E7A4F7556}") = "CxLanguage.Parser", "src\CxLanguage.Parser\CxLanguage.Parser.csproj", "{C9F0C896-509E-4418-9C79-BFDD68BD0040}"
EndProject
Project("{9A19103F-16F7-4668-BE54-9A1E7A4F7556}") = "CxLanguage.Compiler", "src\CxLanguage.Compiler\CxLanguage.Compiler.csproj", "{161F2F0C-0D4D-4E6F-A08F-B4B4E2E3F845}"
EndProject
Project("{9A19103F-16F7-4668-BE54-9A1E7A4F7556}") = "CxLanguage.Runtime", "src\CxLanguage.Runtime\CxLanguage.Runtime.csproj", "{9E7125E3-B44A-4CD6-82F8-A9A7F5E3B1D4}"
EndProject
Project("{9A19103F-16F7-4668-BE54-9A1E7A4F7556}") = "CxLanguage.StandardLibrary", "src\CxLanguage.StandardLibrary\CxLanguage.StandardLibrary.csproj", "{3C7A8B9D-4E5F-6A7B-8C9D-0E1F2A3B4C5D}"
EndProject
Project("{9A19103F-16F7-4668-BE54-9A1E7A4F7556}") = "CxLanguage.CLI", "src\CxLanguage.CLI\CxLanguage.CLI.csproj", "{A1B2C3D4-E5F6-7890-ABCD-EF1234567890}"
EndProject
Project("{9A19103F-16F7-4668-BE54-9A1E7A4F7556}") = "CxLanguage.LocalLLM", "src\CxLanguage.LocalLLM\CxLanguage.LocalLLM.csproj", "{B2C3D4E5-F6A7-8901-BCDE-F23456789012}"
EndProject
Project("{9A19103F-16F7-4668-BE54-9A1E7A4F7556}") = "CxLanguage.Runtime.Visualization", "src\CxLanguage.Runtime.Visualization\CxLanguage.Runtime.Visualization.csproj", "{C3D4E5F6-A789-0123-CDEF-345678901234}"
EndProject
Project("{FAE04EC0-301F-11D3-BF4B-00C04F79EFBC}") = "CxLanguage.IDE.WinUI", "src\CxLanguage.IDE.WinUI\CxLanguage.IDE.WinUI.csproj", "{3501E75E-F7A3-4F1E-BA88-ED15FA415CAC}"
EndProject
# RAPIDS project temporarily excluded due to GPU dependencies
# Project("{9A19103F-16F7-4668-BE54-9A1E7A4F7556}") = "CxLanguage.RAPIDS", "src\CxLanguage.RAPIDS\CxLanguage.RAPIDS.csproj", "{D4E5F6A7-8901-2345-CDEF-456789012345}"
# EndProject
Global
	GlobalSection(SolutionConfigurationPlatforms) = preSolution
		Debug|Any CPU = Debug|Any CPU
		Debug|x64 = Debug|x64
		Debug|x86 = Debug|x86
		Release|Any CPU = Release|Any CPU
		Release|x64 = Release|x64
		Release|x86 = Release|x86
	EndGlobalSection
	GlobalSection(ProjectConfigurationPlatforms) = postSolution
		{F9168C5E-CEB2-4FAA-B6BF-329BF39FA1E4}.Debug|Any CPU.ActiveCfg = Debug|Any CPU
		{F9168C5E-CEB2-4FAA-B6BF-329BF39FA1E4}.Debug|Any CPU.Build.0 = Debug|Any CPU
		{F9168C5E-CEB2-4FAA-B6BF-329BF39FA1E4}.Debug|x64.ActiveCfg = Debug|Any CPU
		{F9168C5E-CEB2-4FAA-B6BF-329BF39FA1E4}.Debug|x64.Build.0 = Debug|Any CPU
		{F9168C5E-CEB2-4FAA-B6BF-329BF39FA1E4}.Debug|x86.ActiveCfg = Debug|Any CPU
		{F9168C5E-CEB2-4FAA-B6BF-329BF39FA1E4}.Debug|x86.Build.0 = Debug|Any CPU
		{F9168C5E-CEB2-4FAA-B6BF-329BF39FA1E4}.Release|Any CPU.ActiveCfg = Release|Any CPU
		{F9168C5E-CEB2-4FAA-B6BF-329BF39FA1E4}.Release|Any CPU.Build.0 = Release|Any CPU
		{F9168C5E-CEB2-4FAA-B6BF-329BF39FA1E4}.Release|x64.ActiveCfg = Release|Any CPU
		{F9168C5E-CEB2-4FAA-B6BF-329BF39FA1E4}.Release|x64.Build.0 = Release|Any CPU
		{F9168C5E-CEB2-4FAA-B6BF-329BF39FA1E4}.Release|x86.ActiveCfg = Release|Any CPU
		{F9168C5E-CEB2-4FAA-B6BF-329BF39FA1E4}.Release|x86.Build.0 = Release|Any CPU
		{C9F0C896-509E-4418-9C79-BFDD68BD0040}.Debug|Any CPU.ActiveCfg = Debug|Any CPU
		{C9F0C896-509E-4418-9C79-BFDD68BD0040}.Debug|Any CPU.Build.0 = Debug|Any CPU
		{C9F0C896-509E-4418-9C79-BFDD68BD0040}.Debug|x64.ActiveCfg = Debug|Any CPU
		{C9F0C896-509E-4418-9C79-BFDD68BD0040}.Debug|x64.Build.0 = Debug|Any CPU
		{C9F0C896-509E-4418-9C79-BFDD68BD0040}.Debug|x86.ActiveCfg = Debug|Any CPU
		{C9F0C896-509E-4418-9C79-BFDD68BD0040}.Debug|x86.Build.0 = Debug|Any CPU
		{C9F0C896-509E-4418-9C79-BFDD68BD0040}.Release|Any CPU.ActiveCfg = Release|Any CPU
		{C9F0C896-509E-4418-9C79-BFDD68BD0040}.Release|Any CPU.Build.0 = Release|Any CPU
		{C9F0C896-509E-4418-9C79-BFDD68BD0040}.Release|x64.ActiveCfg = Release|Any CPU
		{C9F0C896-509E-4418-9C79-BFDD68BD0040}.Release|x64.Build.0 = Release|Any CPU
		{C9F0C896-509E-4418-9C79-BFDD68BD0040}.Release|x86.ActiveCfg = Release|Any CPU
		{C9F0C896-509E-4418-9C79-BFDD68BD0040}.Release|x86.Build.0 = Release|Any CPU
		{161F2F0C-0D4D-4E6F-A08F-B4B4E2E3F845}.Debug|Any CPU.ActiveCfg = Debug|Any CPU
		{161F2F0C-0D4D-4E6F-A08F-B4B4E2E3F845}.Debug|Any CPU.Build.0 = Debug|Any CPU
		{161F2F0C-0D4D-4E6F-A08F-B4B4E2E3F845}.Debug|x64.ActiveCfg = Debug|Any CPU
		{161F2F0C-0D4D-4E6F-A08F-B4B4E2E3F845}.Debug|x64.Build.0 = Debug|Any CPU
		{161F2F0C-0D4D-4E6F-A08F-B4B4E2E3F845}.Debug|x86.ActiveCfg = Debug|Any CPU
		{161F2F0C-0D4D-4E6F-A08F-B4B4E2E3F845}.Debug|x86.Build.0 = Debug|Any CPU
		{161F2F0C-0D4D-4E6F-A08F-B4B4E2E3F845}.Release|Any CPU.ActiveCfg = Release|Any CPU
		{161F2F0C-0D4D-4E6F-A08F-B4B4E2E3F845}.Release|Any CPU.Build.0 = Release|Any CPU
		{161F2F0C-0D4D-4E6F-A08F-B4B4E2E3F845}.Release|x64.ActiveCfg = Release|Any CPU
		{161F2F0C-0D4D-4E6F-A08F-B4B4E2E3F845}.Release|x64.Build.0 = Release|Any CPU
		{161F2F0C-0D4D-4E6F-A08F-B4B4E2E3F845}.Release|x86.ActiveCfg = Release|Any CPU
		{161F2F0C-0D4D-4E6F-A08F-B4B4E2E3F845}.Release|x86.Build.0 = Release|Any CPU
		{9E7125E3-B44A-4CD6-82F8-A9A7F5E3B1D4}.Debug|Any CPU.ActiveCfg = Debug|Any CPU
		{9E7125E3-B44A-4CD6-82F8-A9A7F5E3B1D4}.Debug|Any CPU.Build.0 = Debug|Any CPU
		{9E7125E3-B44A-4CD6-82F8-A9A7F5E3B1D4}.Debug|x64.ActiveCfg = Debug|Any CPU
		{9E7125E3-B44A-4CD6-82F8-A9A7F5E3B1D4}.Debug|x64.Build.0 = Debug|Any CPU
		{9E7125E3-B44A-4CD6-82F8-A9A7F5E3B1D4}.Debug|x86.ActiveCfg = Debug|Any CPU
		{9E7125E3-B44A-4CD6-82F8-A9A7F5E3B1D4}.Debug|x86.Build.0 = Debug|Any CPU
		{9E7125E3-B44A-4CD6-82F8-A9A7F5E3B1D4}.Release|Any CPU.ActiveCfg = Release|Any CPU
		{9E7125E3-B44A-4CD6-82F8-A9A7F5E3B1D4}.Release|Any CPU.Build.0 = Release|Any CPU
		{9E7125E3-B44A-4CD6-82F8-A9A7F5E3B1D4}.Release|x64.ActiveCfg = Release|Any CPU
		{9E7125E3-B44A-4CD6-82F8-A9A7F5E3B1D4}.Release|x64.Build.0 = Release|Any CPU
		{9E7125E3-B44A-4CD6-82F8-A9A7F5E3B1D4}.Release|x86.ActiveCfg = Release|Any CPU
		{9E7125E3-B44A-4CD6-82F8-A9A7F5E3B1D4}.Release|x86.Build.0 = Release|Any CPU
		{3C7A8B9D-4E5F-6A7B-8C9D-0E1F2A3B4C5D}.Debug|Any CPU.ActiveCfg = Debug|Any CPU
		{3C7A8B9D-4E5F-6A7B-8C9D-0E1F2A3B4C5D}.Debug|Any CPU.Build.0 = Debug|Any CPU
		{3C7A8B9D-4E5F-6A7B-8C9D-0E1F2A3B4C5D}.Debug|x64.ActiveCfg = Debug|Any CPU
		{3C7A8B9D-4E5F-6A7B-8C9D-0E1F2A3B4C5D}.Debug|x64.Build.0 = Debug|Any CPU
		{3C7A8B9D-4E5F-6A7B-8C9D-0E1F2A3B4C5D}.Debug|x86.ActiveCfg = Debug|Any CPU
		{3C7A8B9D-4E5F-6A7B-8C9D-0E1F2A3B4C5D}.Debug|x86.Build.0 = Debug|Any CPU
		{3C7A8B9D-4E5F-6A7B-8C9D-0E1F2A3B4C5D}.Release|Any CPU.ActiveCfg = Release|Any CPU
		{3C7A8B9D-4E5F-6A7B-8C9D-0E1F2A3B4C5D}.Release|Any CPU.Build.0 = Release|Any CPU
		{3C7A8B9D-4E5F-6A7B-8C9D-0E1F2A3B4C5D}.Release|x64.ActiveCfg = Release|Any CPU
		{3C7A8B9D-4E5F-6A7B-8C9D-0E1F2A3B4C5D}.Release|x64.Build.0 = Release|Any CPU
		{3C7A8B9D-4E5F-6A7B-8C9D-0E1F2A3B4C5D}.Release|x86.ActiveCfg = Release|Any CPU
		{3C7A8B9D-4E5F-6A7B-8C9D-0E1F2A3B4C5D}.Release|x86.Build.0 = Release|Any CPU
		{A1B2C3D4-E5F6-7890-ABCD-EF1234567890}.Debug|Any CPU.ActiveCfg = Debug|Any CPU
		{A1B2C3D4-E5F6-7890-ABCD-EF1234567890}.Debug|Any CPU.Build.0 = Debug|Any CPU
		{A1B2C3D4-E5F6-7890-ABCD-EF1234567890}.Debug|x64.ActiveCfg = Debug|Any CPU
		{A1B2C3D4-E5F6-7890-ABCD-EF1234567890}.Debug|x64.Build.0 = Debug|Any CPU
		{A1B2C3D4-E5F6-7890-ABCD-EF1234567890}.Debug|x86.ActiveCfg = Debug|Any CPU
		{A1B2C3D4-E5F6-7890-ABCD-EF1234567890}.Debug|x86.Build.0 = Debug|Any CPU
		{A1B2C3D4-E5F6-7890-ABCD-EF1234567890}.Release|Any CPU.ActiveCfg = Release|Any CPU
		{A1B2C3D4-E5F6-7890-ABCD-EF1234567890}.Release|Any CPU.Build.0 = Release|Any CPU
		{A1B2C3D4-E5F6-7890-ABCD-EF1234567890}.Release|x64.ActiveCfg = Release|Any CPU
		{A1B2C3D4-E5F6-7890-ABCD-EF1234567890}.Release|x64.Build.0 = Release|Any CPU
		{A1B2C3D4-E5F6-7890-ABCD-EF1234567890}.Release|x86.ActiveCfg = Release|Any CPU
		{A1B2C3D4-E5F6-7890-ABCD-EF1234567890}.Release|x86.Build.0 = Release|Any CPU
		{B2C3D4E5-F6A7-8901-BCDE-F23456789012}.Debug|Any CPU.ActiveCfg = Debug|Any CPU
		{B2C3D4E5-F6A7-8901-BCDE-F23456789012}.Debug|Any CPU.Build.0 = Debug|Any CPU
		{B2C3D4E5-F6A7-8901-BCDE-F23456789012}.Debug|x64.ActiveCfg = Debug|Any CPU
		{B2C3D4E5-F6A7-8901-BCDE-F23456789012}.Debug|x64.Build.0 = Debug|Any CPU
		{B2C3D4E5-F6A7-8901-BCDE-F23456789012}.Debug|x86.ActiveCfg = Debug|Any CPU
		{B2C3D4E5-F6A7-8901-BCDE-F23456789012}.Debug|x86.Build.0 = Debug|Any CPU
		{B2C3D4E5-F6A7-8901-BCDE-F23456789012}.Release|Any CPU.ActiveCfg = Release|Any CPU
		{B2C3D4E5-F6A7-8901-BCDE-F23456789012}.Release|Any CPU.Build.0 = Release|Any CPU
		{B2C3D4E5-F6A7-8901-BCDE-F23456789012}.Release|x64.ActiveCfg = Release|Any CPU
		{B2C3D4E5-F6A7-8901-BCDE-F23456789012}.Release|x64.Build.0 = Release|Any CPU
		{B2C3D4E5-F6A7-8901-BCDE-F23456789012}.Release|x86.ActiveCfg = Release|Any CPU
		{B2C3D4E5-F6A7-8901-BCDE-F23456789012}.Release|x86.Build.0 = Release|Any CPU
		{C3D4E5F6-A789-0123-CDEF-345678901234}.Debug|Any CPU.ActiveCfg = Debug|Any CPU
		{C3D4E5F6-A789-0123-CDEF-345678901234}.Debug|Any CPU.Build.0 = Debug|Any CPU
		{C3D4E5F6-A789-0123-CDEF-345678901234}.Debug|x64.ActiveCfg = Debug|Any CPU
		{C3D4E5F6-A789-0123-CDEF-345678901234}.Debug|x64.Build.0 = Debug|Any CPU
		{C3D4E5F6-A789-0123-CDEF-345678901234}.Debug|x86.ActiveCfg = Debug|Any CPU
		{C3D4E5F6-A789-0123-CDEF-345678901234}.Debug|x86.Build.0 = Debug|Any CPU
		{C3D4E5F6-A789-0123-CDEF-345678901234}.Release|Any CPU.ActiveCfg = Release|Any CPU
		{C3D4E5F6-A789-0123-CDEF-345678901234}.Release|Any CPU.Build.0 = Release|Any CPU
		{C3D4E5F6-A789-0123-CDEF-345678901234}.Release|x64.ActiveCfg = Release|Any CPU
		{C3D4E5F6-A789-0123-CDEF-345678901234}.Release|x64.Build.0 = Release|Any CPU
		{C3D4E5F6-A789-0123-CDEF-345678901234}.Release|x86.ActiveCfg = Release|Any CPU
		{C3D4E5F6-A789-0123-CDEF-345678901234}.Release|x86.Build.0 = Release|Any CPU
		{3501E75E-F7A3-4F1E-BA88-ED15FA415CAC}.Debug|Any CPU.ActiveCfg = Debug|x86
		{3501E75E-F7A3-4F1E-BA88-ED15FA415CAC}.Debug|Any CPU.Build.0 = Debug|x86
		{3501E75E-F7A3-4F1E-BA88-ED15FA415CAC}.Debug|x64.ActiveCfg = Debug|x64
		{3501E75E-F7A3-4F1E-BA88-ED15FA415CAC}.Debug|x64.Build.0 = Debug|x64
		{3501E75E-F7A3-4F1E-BA88-ED15FA415CAC}.Debug|x86.ActiveCfg = Debug|x86
		{3501E75E-F7A3-4F1E-BA88-ED15FA415CAC}.Debug|x86.Build.0 = Debug|x86
		{3501E75E-F7A3-4F1E-BA88-ED15FA415CAC}.Release|Any CPU.ActiveCfg = Release|x86
		{3501E75E-F7A3-4F1E-BA88-ED15FA415CAC}.Release|Any CPU.Build.0 = Release|x86
		{3501E75E-F7A3-4F1E-BA88-ED15FA415CAC}.Release|x64.ActiveCfg = Release|x64
		{3501E75E-F7A3-4F1E-BA88-ED15FA415CAC}.Release|x64.Build.0 = Release|x64
		{3501E75E-F7A3-4F1E-BA88-ED15FA415CAC}.Release|x86.ActiveCfg = Release|x86
		{3501E75E-F7A3-4F1E-BA88-ED15FA415CAC}.Release|x86.Build.0 = Release|x86
	EndGlobalSection
	GlobalSection(SolutionProperties) = preSolution
		HideSolutionNode = FALSE
	EndGlobalSection
	GlobalSection(NestedProjects) = preSolution
		{F9168C5E-CEB2-4FAA-B6BF-329BF39FA1E4} = {8BC9CEB8-8B4A-11D0-8D11-00A0C91BC942}
		{C9F0C896-509E-4418-9C79-BFDD68BD0040} = {8BC9CEB8-8B4A-11D0-8D11-00A0C91BC942}
		{161F2F0C-0D4D-4E6F-A08F-B4B4E2E3F845} = {8BC9CEB8-8B4A-11D0-8D11-00A0C91BC942}
		{9E7125E3-B44A-4CD6-82F8-A9A7F5E3B1D4} = {8BC9CEB8-8B4A-11D0-8D11-00A0C91BC942}
		{3C7A8B9D-4E5F-6A7B-8C9D-0E1F2A3B4C5D} = {8BC9CEB8-8B4A-11D0-8D11-00A0C91BC942}
		{A1B2C3D4-E5F6-7890-ABCD-EF1234567890} = {8BC9CEB8-8B4A-11D0-8D11-00A0C91BC942}
		{B2C3D4E5-F6A7-8901-BCDE-F23456789012} = {8BC9CEB8-8B4A-11D0-8D11-00A0C91BC942}
		{C3D4E5F6-A789-0123-CDEF-345678901234} = {8BC9CEB8-8B4A-11D0-8D11-00A0C91BC942}
		{3501E75E-F7A3-4F1E-BA88-ED15FA415CAC} = {8BC9CEB8-8B4A-11D0-8D11-00A0C91BC942}
	EndGlobalSection
	GlobalSection(ExtensibilityGlobals) = postSolution
		SolutionGuid = {AA8B2E1F-9C7D-4A5E-B6F3-1D2E3F4A5B6C}
	EndGlobalSection
EndGlobal
